
Microsoft Visual Studio Solution File, Format Version 12.00
# Visual Studio 15
VisualStudioVersion = 15.0.28010.2019
MinimumVisualStudioVersion = 10.0.40219.1
Project("{9A19103F-16F7-4668-BE54-9A1E7A4F7556}") = "L1T1WebPages", "L1T1WebPages\L1T1WebPages.csproj", "{03C57AE5-358F-4C81-9986-08B540784E9F}"
EndProject
Project("{9A19103F-16F7-4668-BE54-9A1E7A4F7556}") = "L2T1CSSText", "L2T1CSSText\L2T1CSSText.csproj", "{3AAE825D-0697-4F8A-8DEA-492934F417A2}"
EndProject
Project("{9A19103F-16F7-4668-BE54-9A1E7A4F7556}") = "L2T2CSSTable", "L2T2CSSTable\L2T2CSSTable.csproj", "{4FC5FD4C-FC85-4DB1-8516-E5633C118FE6}"
EndProject
Project("{9A19103F-16F7-4668-BE54-9A1E7A4F7556}") = "L2T3CSSForm", "L2T3CSSForm\L2T3CSSForm.csproj", "{82783815-4163-430D-8E8E-6DC355CB144D}"
EndProject
Project("{9A19103F-16F7-4668-BE54-9A1E7A4F7556}") = "L3T1Gabriel", "L3T1Gabriel\L3T1Gabriel.csproj", "{340F2510-683D-464C-8393-F4722AF7FAB9}"
EndProject
Project("{9A19103F-16F7-4668-BE54-9A1E7A4F7556}") = "L4T1Array", "L4T1Array\L4T1Array.csproj", "{80F5CCD1-2D58-47BF-9C91-E3463857EC59}"
EndProject
Project("{9A19103F-16F7-4668-BE54-9A1E7A4F7556}") = "L4T2Objects", "L4T2Objects\L4T2Objects.csproj", "{D48020D5-5829-48A9-9A19-84F8541EAF32}"
EndProject
Project("{FAE04EC0-301F-11D3-BF4B-00C04F79EFBC}") = "Test", "Test\Test.csproj", "{7FE5E8DA-D2BB-43BE-A254-04C86276968D}"
EndProject
Global
	GlobalSection(SolutionConfigurationPlatforms) = preSolution
		Debug|Any CPU = Debug|Any CPU
		Release|Any CPU = Release|Any CPU
	EndGlobalSection
	GlobalSection(ProjectConfigurationPlatforms) = postSolution
		{03C57AE5-358F-4C81-9986-08B540784E9F}.Debug|Any CPU.ActiveCfg = Debug|Any CPU
		{03C57AE5-358F-4C81-9986-08B540784E9F}.Debug|Any CPU.Build.0 = Debug|Any CPU
		{03C57AE5-358F-4C81-9986-08B540784E9F}.Release|Any CPU.ActiveCfg = Release|Any CPU
		{03C57AE5-358F-4C81-9986-08B540784E9F}.Release|Any CPU.Build.0 = Release|Any CPU
		{3AAE825D-0697-4F8A-8DEA-492934F417A2}.Debug|Any CPU.ActiveCfg = Debug|Any CPU
		{3AAE825D-0697-4F8A-8DEA-492934F417A2}.Debug|Any CPU.Build.0 = Debug|Any CPU
		{3AAE825D-0697-4F8A-8DEA-492934F417A2}.Release|Any CPU.ActiveCfg = Release|Any CPU
		{3AAE825D-0697-4F8A-8DEA-492934F417A2}.Release|Any CPU.Build.0 = Release|Any CPU
		{4FC5FD4C-FC85-4DB1-8516-E5633C118FE6}.Debug|Any CPU.ActiveCfg = Debug|Any CPU
		{4FC5FD4C-FC85-4DB1-8516-E5633C118FE6}.Debug|Any CPU.Build.0 = Debug|Any CPU
		{4FC5FD4C-FC85-4DB1-8516-E5633C118FE6}.Release|Any CPU.ActiveCfg = Release|Any CPU
		{4FC5FD4C-FC85-4DB1-8516-E5633C118FE6}.Release|Any CPU.Build.0 = Release|Any CPU
		{82783815-4163-430D-8E8E-6DC355CB144D}.Debug|Any CPU.ActiveCfg = Debug|Any CPU
		{82783815-4163-430D-8E8E-6DC355CB144D}.Debug|Any CPU.Build.0 = Debug|Any CPU
		{82783815-4163-430D-8E8E-6DC355CB144D}.Release|Any CPU.ActiveCfg = Release|Any CPU
		{82783815-4163-430D-8E8E-6DC355CB144D}.Release|Any CPU.Build.0 = Release|Any CPU
		{340F2510-683D-464C-8393-F4722AF7FAB9}.Debug|Any CPU.ActiveCfg = Debug|Any CPU
		{340F2510-683D-464C-8393-F4722AF7FAB9}.Debug|Any CPU.Build.0 = Debug|Any CPU
		{340F2510-683D-464C-8393-F4722AF7FAB9}.Release|Any CPU.ActiveCfg = Release|Any CPU
		{340F2510-683D-464C-8393-F4722AF7FAB9}.Release|Any CPU.Build.0 = Release|Any CPU
		{80F5CCD1-2D58-47BF-9C91-E3463857EC59}.Debug|Any CPU.ActiveCfg = Debug|Any CPU
		{80F5CCD1-2D58-47BF-9C91-E3463857EC59}.Debug|Any CPU.Build.0 = Debug|Any CPU
		{80F5CCD1-2D58-47BF-9C91-E3463857EC59}.Release|Any CPU.ActiveCfg = Release|Any CPU
		{80F5CCD1-2D58-47BF-9C91-E3463857EC59}.Release|Any CPU.Build.0 = Release|Any CPU
		{D48020D5-5829-48A9-9A19-84F8541EAF32}.Debug|Any CPU.ActiveCfg = Debug|Any CPU
		{D48020D5-5829-48A9-9A19-84F8541EAF32}.Debug|Any CPU.Build.0 = Debug|Any CPU
		{D48020D5-5829-48A9-9A19-84F8541EAF32}.Release|Any CPU.ActiveCfg = Release|Any CPU
		{D48020D5-5829-48A9-9A19-84F8541EAF32}.Release|Any CPU.Build.0 = Release|Any CPU
		{7FE5E8DA-D2BB-43BE-A254-04C86276968D}.Debug|Any CPU.ActiveCfg = Debug|Any CPU
		{7FE5E8DA-D2BB-43BE-A254-04C86276968D}.Debug|Any CPU.Build.0 = Debug|Any CPU
		{7FE5E8DA-D2BB-43BE-A254-04C86276968D}.Release|Any CPU.ActiveCfg = Release|Any CPU
		{7FE5E8DA-D2BB-43BE-A254-04C86276968D}.Release|Any CPU.Build.0 = Release|Any CPU
	EndGlobalSection
	GlobalSection(SolutionProperties) = preSolution
		HideSolutionNode = FALSE
	EndGlobalSection
	GlobalSection(ExtensibilityGlobals) = postSolution
		SolutionGuid = {9C6A1E8B-498C-4DEF-9A77-7E9C042CCA64}
	EndGlobalSection
EndGlobal
